
Microsoft Visual Studio Solution File, Format Version 12.00
# Visual Studio Version 16
VisualStudioVersion = 16.0.31829.152
MinimumVisualStudioVersion = 10.0.40219.1
Project("{FAE04EC0-301F-11D3-BF4B-00C04F79EFBC}") = "Task11_1", "Task11git\Task11_1.csproj", "{069B19B1-9516-441A-8B37-74B1583E8265}"
EndProject
Project("{FAE04EC0-301F-11D3-BF4B-00C04F79EFBC}") = "Task11_2", "Task11_2\Task11_2.csproj", "{50A6F480-A785-46C4-BD16-608C70EB1AB6}"
EndProject
Global
	GlobalSection(SolutionConfigurationPlatforms) = preSolution
		Debug|Any CPU = Debug|Any CPU
		Release|Any CPU = Release|Any CPU
	EndGlobalSection
	GlobalSection(ProjectConfigurationPlatforms) = postSolution
		{069B19B1-9516-441A-8B37-74B1583E8265}.Debug|Any CPU.ActiveCfg = Debug|Any CPU
		{069B19B1-9516-441A-8B37-74B1583E8265}.Debug|Any CPU.Build.0 = Debug|Any CPU
		{069B19B1-9516-441A-8B37-74B1583E8265}.Release|Any CPU.ActiveCfg = Release|Any CPU
		{069B19B1-9516-441A-8B37-74B1583E8265}.Release|Any CPU.Build.0 = Release|Any CPU
		{50A6F480-A785-46C4-BD16-608C70EB1AB6}.Debug|Any CPU.ActiveCfg = Debug|Any CPU
		{50A6F480-A785-46C4-BD16-608C70EB1AB6}.Debug|Any CPU.Build.0 = Debug|Any CPU
		{50A6F480-A785-46C4-BD16-608C70EB1AB6}.Release|Any CPU.ActiveCfg = Release|Any CPU
		{50A6F480-A785-46C4-BD16-608C70EB1AB6}.Release|Any CPU.Build.0 = Release|Any CPU
	EndGlobalSection
	GlobalSection(SolutionProperties) = preSolution
		HideSolutionNode = FALSE
	EndGlobalSection
	GlobalSection(ExtensibilityGlobals) = postSolution
		SolutionGuid = {1C106C90-FEBD-4DE6-A795-5511EC2654C3}
	EndGlobalSection
EndGlobal
